
Microsoft Visual Studio Solution File, Format Version 12.00
# Visual Studio Version 16
VisualStudioVersion = 16.0.30225.117
MinimumVisualStudioVersion = 10.0.40219.1
Project("{FAE04EC0-301F-11D3-BF4B-00C04F79EFBC}") = "ConsignmentShopUI", "ConsigmentShopUI\ConsignmentShopUI.csproj", "{891970DB-0A97-48AA-B555-B83111CE8A55}"
EndProject
Project("{FAE04EC0-301F-11D3-BF4B-00C04F79EFBC}") = "ConsignmentShopLibrary", "ConsignmentShopLibrary\ConsignmentShopLibrary.csproj", "{C211E8A3-6871-4455-86B4-FA51C85F2D2D}"
EndProject
Global
	GlobalSection(SolutionConfigurationPlatforms) = preSolution
		Debug|Any CPU = Debug|Any CPU
		Release|Any CPU = Release|Any CPU
	EndGlobalSection
	GlobalSection(ProjectConfigurationPlatforms) = postSolution
		{891970DB-0A97-48AA-B555-B83111CE8A55}.Debug|Any CPU.ActiveCfg = Debug|Any CPU
		{891970DB-0A97-48AA-B555-B83111CE8A55}.Debug|Any CPU.Build.0 = Debug|Any CPU
		{891970DB-0A97-48AA-B555-B83111CE8A55}.Release|Any CPU.ActiveCfg = Release|Any CPU
		{891970DB-0A97-48AA-B555-B83111CE8A55}.Release|Any CPU.Build.0 = Release|Any CPU
		{C211E8A3-6871-4455-86B4-FA51C85F2D2D}.Debug|Any CPU.ActiveCfg = Debug|Any CPU
		{C211E8A3-6871-4455-86B4-FA51C85F2D2D}.Debug|Any CPU.Build.0 = Debug|Any CPU
		{C211E8A3-6871-4455-86B4-FA51C85F2D2D}.Release|Any CPU.ActiveCfg = Release|Any CPU
		{C211E8A3-6871-4455-86B4-FA51C85F2D2D}.Release|Any CPU.Build.0 = Release|Any CPU
	EndGlobalSection
	GlobalSection(SolutionProperties) = preSolution
		HideSolutionNode = FALSE
	EndGlobalSection
	GlobalSection(ExtensibilityGlobals) = postSolution
		SolutionGuid = {3BB6E070-779F-4166-B783-E19A2FBDA8E6}
	EndGlobalSection
EndGlobal
